
Microsoft Visual Studio Solution File, Format Version 12.00
# Visual Studio 15
VisualStudioVersion = 15.0.27130.2010
MinimumVisualStudioVersion = 10.0.40219.1
Project("{FAE04EC0-301F-11D3-BF4B-00C04F79EFBC}") = "projeto-teste", "projeto-teste\projeto-teste.csproj", "{CAFF2D0A-EB31-4A1B-B79F-8F98030BA45D}"
EndProject
Global
	GlobalSection(SolutionConfigurationPlatforms) = preSolution
		Debug|Any CPU = Debug|Any CPU
		Release|Any CPU = Release|Any CPU
	EndGlobalSection
	GlobalSection(ProjectConfigurationPlatforms) = postSolution
		{CAFF2D0A-EB31-4A1B-B79F-8F98030BA45D}.Debug|Any CPU.ActiveCfg = Debug|Any CPU
		{CAFF2D0A-EB31-4A1B-B79F-8F98030BA45D}.Debug|Any CPU.Build.0 = Debug|Any CPU
		{CAFF2D0A-EB31-4A1B-B79F-8F98030BA45D}.Release|Any CPU.ActiveCfg = Release|Any CPU
		{CAFF2D0A-EB31-4A1B-B79F-8F98030BA45D}.Release|Any CPU.Build.0 = Release|Any CPU
	EndGlobalSection
	GlobalSection(SolutionProperties) = preSolution
		HideSolutionNode = FALSE
	EndGlobalSection
	GlobalSection(ExtensibilityGlobals) = postSolution
		SolutionGuid = {EB3D97B5-85C9-415C-9109-6D1DA30507D1}
	EndGlobalSection
EndGlobal
